
Microsoft Visual Studio Solution File, Format Version 12.00
# Visual Studio Version 16
VisualStudioVersion = 16.0.31911.196
MinimumVisualStudioVersion = 10.0.40219.1
Project("{FAE04EC0-301F-11D3-BF4B-00C04F79EFBC}") = "EmployeeToDoLab", "EmployeeToDoLab.csproj", "{740D00DE-BCD9-4C54-B30D-8C6B90AB7FE6}"
EndProject
Global
	GlobalSection(SolutionConfigurationPlatforms) = preSolution
		Debug|Any CPU = Debug|Any CPU
		Release|Any CPU = Release|Any CPU
	EndGlobalSection
	GlobalSection(ProjectConfigurationPlatforms) = postSolution
		{740D00DE-BCD9-4C54-B30D-8C6B90AB7FE6}.Debug|Any CPU.ActiveCfg = Debug|Any CPU
		{740D00DE-BCD9-4C54-B30D-8C6B90AB7FE6}.Debug|Any CPU.Build.0 = Debug|Any CPU
		{740D00DE-BCD9-4C54-B30D-8C6B90AB7FE6}.Release|Any CPU.ActiveCfg = Release|Any CPU
		{740D00DE-BCD9-4C54-B30D-8C6B90AB7FE6}.Release|Any CPU.Build.0 = Release|Any CPU
	EndGlobalSection
	GlobalSection(SolutionProperties) = preSolution
		HideSolutionNode = FALSE
	EndGlobalSection
	GlobalSection(ExtensibilityGlobals) = postSolution
		SolutionGuid = {900E3976-2445-4A3B-91CA-E6F1E46543EB}
	EndGlobalSection
EndGlobal
